// !$*UTF8*$!
{
	archiveVersion = 1;
	classes = {
	};
	objectVersion = 77;
	objects = {

/* Begin PBXBuildFile section */
		02A1B3C4D5E6F7A8B9C0D1E2 /* CryptoBoxManager.swift in Sources */ = {isa = PBXBuildFile; fileRef = A1B2C3D4E5F60718293A4B5C /* CryptoBoxManager.swift */; };
		02A1B3C4D5E6F7A8B9C0D1E3 /* CryptoBoxManager.swift in Sources */ = {isa = PBXBuildFile; fileRef = A1B2C3D4E5F60718293A4B5C /* CryptoBoxManager.swift */; };
		03B2C4D5E6F7A8B9C0D1E2F3 /* PairingStore.swift in Sources */ = {isa = PBXBuildFile; fileRef = B2C3D4E5F60718293A4B5C6D /* PairingStore.swift */; };
		03B2C4D5E6F7A8B9C0D1E2F4 /* PairingStore.swift in Sources */ = {isa = PBXBuildFile; fileRef = B2C3D4E5F60718293A4B5C6D /* PairingStore.swift */; };
		04C3D5E6F7A8B9C0D1E2F3A4 /* RelayClient.swift in Sources */ = {isa = PBXBuildFile; fileRef = C3D4E5F60718293A4B5C6D7E /* RelayClient.swift */; };
		04C3D5E6F7A8B9C0D1E2F3A5 /* RelayClient.swift in Sources */ = {isa = PBXBuildFile; fileRef = C3D4E5F60718293A4B5C6D7E /* RelayClient.swift */; };
		05D4E5F6A7B8C9D0E1F2A3B4 /* AppDelegate.swift in Sources */ = {isa = PBXBuildFile; fileRef = D4E5F60718293A4B5C6D7E8F /* AppDelegate.swift */; };
		06E5F607A8B9C0D1E2F3A4B5 /* PairingView.swift in Sources */ = {isa = PBXBuildFile; fileRef = E5F60718293A4B5C6D7E8F90 /* PairingView.swift */; };
		07F60718A9B0C1D2E3F4A5B6 /* PairingQRScannerView.swift in Sources */ = {isa = PBXBuildFile; fileRef = F60718293A4B5C6D7E8F9001 /* PairingQRScannerView.swift */; };
		08A71829AAB1C2D3E4F5A6B7 /* PairedDeviceView.swift in Sources */ = {isa = PBXBuildFile; fileRef = A718293A4B5C6D7E8F900112 /* PairedDeviceView.swift */; };
		09B8293ABBC2D3E4F5A6B7C8 /* CodeApprovalView.swift in Sources */ = {isa = PBXBuildFile; fileRef = B8293A4B5C6D7E8F90011234 /* CodeApprovalView.swift */; };
		09DE7701F174F6FCB2FEDC68 /* KeyAuthApp.swift in Sources */ = {isa = PBXBuildFile; fileRef = C3B10022A6CA17C6EA7903ED /* KeyAuthApp.swift */; };
		1125BC4B99F63A77FCEC9E9F /* KeychainProviding.swift in Sources */ = {isa = PBXBuildFile; fileRef = AB0067AC09E052201723A167 /* KeychainProviding.swift */; };
		134541E376DBA37C916368BC /* Account.swift in Sources */ = {isa = PBXBuildFile; fileRef = 53ED4B44041710EEC7EE82C7 /* Account.swift */; };
		140FCBAC17D3AB6F9E090BD1 /* TOTPGenerator.swift in Sources */ = {isa = PBXBuildFile; fileRef = 9FB90502401FD358C36BAA33 /* TOTPGenerator.swift */; };
		1C81C526D208F5CD89FF8C41 /* MockKeychain.swift in Sources */ = {isa = PBXBuildFile; fileRef = 21BF8AD08CE52AB890A8681B /* MockKeychain.swift */; };
		1DD2443D7ED78FDBB9052247 /* SyncPreference.swift in Sources */ = {isa = PBXBuildFile; fileRef = DBE022AD51946B21D67526F8 /* SyncPreference.swift */; };
		2DF26270B453948910DB4BBA /* AccountStore.swift in Sources */ = {isa = PBXBuildFile; fileRef = 96A617D6A6675B66C43394F4 /* AccountStore.swift */; };
		303CC5F2ED328FAA1D84AF91 /* QRScannerView.swift in Sources */ = {isa = PBXBuildFile; fileRef = A363B81015F05C5B3C0DC5A7 /* QRScannerView.swift */; };
		31653C12560562042FF28D1D /* KeyAuthTests.swift in Sources */ = {isa = PBXBuildFile; fileRef = F3E6E0A119F9F10DD6ACEFF8 /* KeyAuthTests.swift */; };
		36BAC07D5DCB4254476B546B /* KeychainManager.swift in Sources */ = {isa = PBXBuildFile; fileRef = C2F607D627AF74A81912E77B /* KeychainManager.swift */; };
		39235F8317E8D416D9E56670 /* TOTPGenerator.swift in Sources */ = {isa = PBXBuildFile; fileRef = 9FB90502401FD358C36BAA33 /* TOTPGenerator.swift */; };
		397D030A94C9EE738A01D917 /* SharedDefaults.swift in Sources */ = {isa = PBXBuildFile; fileRef = 0B936E7530F6ED79DACBA353 /* SharedDefaults.swift */; };
		45C549C784C3C53F8FBFDD18 /* AccountFixtures.swift in Sources */ = {isa = PBXBuildFile; fileRef = 5C8051142210AE88F41293B4 /* AccountFixtures.swift */; };
		4844D244BD9520D76C35F9E4 /* AccountRowView.swift in Sources */ = {isa = PBXBuildFile; fileRef = F6A4BC3FC29DD88F3A3F4603 /* AccountRowView.swift */; };
		4932A600C06FB65F03EC0932 /* DedupKey.swift in Sources */ = {isa = PBXBuildFile; fileRef = AFE7D51430B679250C2B0E8C /* DedupKey.swift */; };
		4C990E25D567C010E13C3F54 /* SyncPreference.swift in Sources */ = {isa = PBXBuildFile; fileRef = DBE022AD51946B21D67526F8 /* SyncPreference.swift */; };
		7C45AA2094BB85C02DE7E25C /* AccountStore.swift in Sources */ = {isa = PBXBuildFile; fileRef = 96A617D6A6675B66C43394F4 /* AccountStore.swift */; };
		8F508CB2D15D9E973EDA238C /* BiometricAuthManager.swift in Sources */ = {isa = PBXBuildFile; fileRef = D77D894396423F137C83BE1B /* BiometricAuthManager.swift */; };
		90126D11E1B5F3FE14878A63 /* KeyboardViewController.swift in Sources */ = {isa = PBXBuildFile; fileRef = 66FD2A0722CD350CFC3C3977 /* KeyboardViewController.swift */; };
		A6E4292AEC1EB61B57497759 /* ContentView.swift in Sources */ = {isa = PBXBuildFile; fileRef = 7CFE1B0C62EDF21CB35A71B9 /* ContentView.swift */; };
		B7FEAA83061573BF32207988 /* KeychainProviding.swift in Sources */ = {isa = PBXBuildFile; fileRef = AB0067AC09E052201723A167 /* KeychainProviding.swift */; };
		BB344AE911CC122A3823EC21 /* KeyAuthKeyboard.appex in Embed Foundation Extensions */ = {isa = PBXBuildFile; fileRef = 5C819D47267678FE6AAF9834 /* KeyAuthKeyboard.appex */; settings = {ATTRIBUTES = (RemoveHeadersOnCopy, ); }; };
		BE3AD9668FA809B8DFB41302 /* ManualEntryView.swift in Sources */ = {isa = PBXBuildFile; fileRef = E9B0F9F5608AEF29BF6D1379 /* ManualEntryView.swift */; };
		C4F35339D9DB98FF52818CD4 /* Base32.swift in Sources */ = {isa = PBXBuildFile; fileRef = FBDB95C539BA582A5BA3C248 /* Base32.swift */; };
		C7D6D1BDA6FE2E926F40DF77 /* LockScreenView.swift in Sources */ = {isa = PBXBuildFile; fileRef = FD66B74369598846CBD85FE9 /* LockScreenView.swift */; };
		D721933D74AAA1C5D5ED1A8C /* TOTPCodeCell.swift in Sources */ = {isa = PBXBuildFile; fileRef = CD58D52B0B77FD05FA679468 /* TOTPCodeCell.swift */; };
		D7C2C2457F00C2A913C3CDD8 /* Account.swift in Sources */ = {isa = PBXBuildFile; fileRef = 53ED4B44041710EEC7EE82C7 /* Account.swift */; };
		DAB02D5464CB2FFC0179B960 /* KeychainManager.swift in Sources */ = {isa = PBXBuildFile; fileRef = C2F607D627AF74A81912E77B /* KeychainManager.swift */; };
		DC263CDF241B877ED7E67208 /* BiometricAuthManager.swift in Sources */ = {isa = PBXBuildFile; fileRef = D77D894396423F137C83BE1B /* BiometricAuthManager.swift */; };
		E3A35868FCE3BB9A54CB5C51 /* SharedDefaults.swift in Sources */ = {isa = PBXBuildFile; fileRef = 0B936E7530F6ED79DACBA353 /* SharedDefaults.swift */; };
		EA50FC6FE863B6FC2771CA3A /* Base32.swift in Sources */ = {isa = PBXBuildFile; fileRef = FBDB95C539BA582A5BA3C248 /* Base32.swift */; };
		F5B0DD36B290D188D1F35A53 /* Foundation.framework in Frameworks */ = {isa = PBXBuildFile; fileRef = 3E7857BFF38538BDFBD953CB /* Foundation.framework */; };
/* End PBXBuildFile section */

/* Begin PBXContainerItemProxy section */
		A7448E601B13E0FB91156C64 /* PBXContainerItemProxy */ = {
			isa = PBXContainerItemProxy;
			containerPortal = E712C809ACA7252446AAB40E /* Project object */;
			proxyType = 1;
			remoteGlobalIDString = 81963171A87C4E3E2B5E48B4;
			remoteInfo = KeyAuth;
		};
		B3639613976AB1C4F73DDA2D /* PBXContainerItemProxy */ = {
			isa = PBXContainerItemProxy;
			containerPortal = E712C809ACA7252446AAB40E /* Project object */;
			proxyType = 1;
			remoteGlobalIDString = 048D7EB74B14F4A02C6D1482;
			remoteInfo = KeyAuthKeyboard;
		};
/* End PBXContainerItemProxy section */

/* Begin PBXCopyFilesBuildPhase section */
		28734FD5E527CEE1E0DB0A44 /* Embed Foundation Extensions */ = {
			isa = PBXCopyFilesBuildPhase;
			buildActionMask = 2147483647;
			dstPath = "";
			dstSubfolderSpec = 13;
			files = (
				BB344AE911CC122A3823EC21 /* KeyAuthKeyboard.appex in Embed Foundation Extensions */,
			);
			name = "Embed Foundation Extensions";
			runOnlyForDeploymentPostprocessing = 0;
		};
/* End PBXCopyFilesBuildPhase section */

/* Begin PBXFileReference section */
		0B936E7530F6ED79DACBA353 /* SharedDefaults.swift */ = {isa = PBXFileReference; lastKnownFileType = sourcecode.swift; path = SharedDefaults.swift; sourceTree = "<group>"; };
		1EEDE7031D24FC0865882CD7 /* Info.plist */ = {isa = PBXFileReference; includeInIndex = 1; lastKnownFileType = text.plist.xml; path = Info.plist; sourceTree = "<group>"; };
		21BF8AD08CE52AB890A8681B /* MockKeychain.swift */ = {isa = PBXFileReference; includeInIndex = 1; lastKnownFileType = sourcecode.swift; path = MockKeychain.swift; sourceTree = "<group>"; };
		257BEB070E267733198F5ECB /* Info.plist */ = {isa = PBXFileReference; lastKnownFileType = text.plist; path = Info.plist; sourceTree = "<group>"; };
		3E7857BFF38538BDFBD953CB /* Foundation.framework */ = {isa = PBXFileReference; lastKnownFileType = wrapper.framework; name = Foundation.framework; path = Platforms/iPhoneOS.platform/Developer/SDKs/iPhoneOS18.0.sdk/System/Library/Frameworks/Foundation.framework; sourceTree = DEVELOPER_DIR; };
		53ED4B44041710EEC7EE82C7 /* Account.swift */ = {isa = PBXFileReference; lastKnownFileType = sourcecode.swift; path = Account.swift; sourceTree = "<group>"; };
		5C8051142210AE88F41293B4 /* AccountFixtures.swift */ = {isa = PBXFileReference; includeInIndex = 1; lastKnownFileType = sourcecode.swift; path = AccountFixtures.swift; sourceTree = "<group>"; };
		5C819D47267678FE6AAF9834 /* KeyAuthKeyboard.appex */ = {isa = PBXFileReference; explicitFileType = "wrapper.app-extension"; includeInIndex = 0; path = KeyAuthKeyboard.appex; sourceTree = BUILT_PRODUCTS_DIR; };
		66FD2A0722CD350CFC3C3977 /* KeyboardViewController.swift */ = {isa = PBXFileReference; lastKnownFileType = sourcecode.swift; path = KeyboardViewController.swift; sourceTree = "<group>"; };
		7CFE1B0C62EDF21CB35A71B9 /* ContentView.swift */ = {isa = PBXFileReference; lastKnownFileType = sourcecode.swift; path = ContentView.swift; sourceTree = "<group>"; };
		96A617D6A6675B66C43394F4 /* AccountStore.swift */ = {isa = PBXFileReference; lastKnownFileType = sourcecode.swift; path = AccountStore.swift; sourceTree = "<group>"; };
		9FB90502401FD358C36BAA33 /* TOTPGenerator.swift */ = {isa = PBXFileReference; lastKnownFileType = sourcecode.swift; path = TOTPGenerator.swift; sourceTree = "<group>"; };
		A1B2C3D4E5F60718293A4B5C /* CryptoBoxManager.swift */ = {isa = PBXFileReference; lastKnownFileType = sourcecode.swift; path = CryptoBoxManager.swift; sourceTree = "<group>"; };
		A363B81015F05C5B3C0DC5A7 /* QRScannerView.swift */ = {isa = PBXFileReference; lastKnownFileType = sourcecode.swift; path = QRScannerView.swift; sourceTree = "<group>"; };
		A718293A4B5C6D7E8F900112 /* PairedDeviceView.swift */ = {isa = PBXFileReference; lastKnownFileType = sourcecode.swift; path = PairedDeviceView.swift; sourceTree = "<group>"; };
		AB0067AC09E052201723A167 /* KeychainProviding.swift */ = {isa = PBXFileReference; includeInIndex = 1; lastKnownFileType = sourcecode.swift; path = KeychainProviding.swift; sourceTree = "<group>"; };
		AFE7D51430B679250C2B0E8C /* DedupKey.swift */ = {isa = PBXFileReference; includeInIndex = 1; lastKnownFileType = sourcecode.swift; path = DedupKey.swift; sourceTree = "<group>"; };
		B2C3D4E5F60718293A4B5C6D /* PairingStore.swift */ = {isa = PBXFileReference; lastKnownFileType = sourcecode.swift; path = PairingStore.swift; sourceTree = "<group>"; };
		B8293A4B5C6D7E8F90011234 /* CodeApprovalView.swift */ = {isa = PBXFileReference; lastKnownFileType = sourcecode.swift; path = CodeApprovalView.swift; sourceTree = "<group>"; };
		BF6A6B00B9DA3EE988C03876 /* Info.plist */ = {isa = PBXFileReference; lastKnownFileType = text.plist; path = Info.plist; sourceTree = "<group>"; };
		C2F607D627AF74A81912E77B /* KeychainManager.swift */ = {isa = PBXFileReference; lastKnownFileType = sourcecode.swift; path = KeychainManager.swift; sourceTree = "<group>"; };
		C3B10022A6CA17C6EA7903ED /* KeyAuthApp.swift */ = {isa = PBXFileReference; lastKnownFileType = sourcecode.swift; path = KeyAuthApp.swift; sourceTree = "<group>"; };
		C3D4E5F60718293A4B5C6D7E /* RelayClient.swift */ = {isa = PBXFileReference; lastKnownFileType = sourcecode.swift; path = RelayClient.swift; sourceTree = "<group>"; };
		C50EFF20EB1E88A94EE865FB /* KeyAuthKeyboard.entitlements */ = {isa = PBXFileReference; lastKnownFileType = text.plist.entitlements; path = KeyAuthKeyboard.entitlements; sourceTree = "<group>"; };
		CD58D52B0B77FD05FA679468 /* TOTPCodeCell.swift */ = {isa = PBXFileReference; lastKnownFileType = sourcecode.swift; path = TOTPCodeCell.swift; sourceTree = "<group>"; };
		CE19BE23449F4C4E145E3DDE /* KeyAuthTests.xctest */ = {isa = PBXFileReference; explicitFileType = wrapper.cfbundle; includeInIndex = 0; path = KeyAuthTests.xctest; sourceTree = BUILT_PRODUCTS_DIR; };
		D4E5F60718293A4B5C6D7E8F /* AppDelegate.swift */ = {isa = PBXFileReference; lastKnownFileType = sourcecode.swift; path = AppDelegate.swift; sourceTree = "<group>"; };
		D77D894396423F137C83BE1B /* BiometricAuthManager.swift */ = {isa = PBXFileReference; lastKnownFileType = sourcecode.swift; path = BiometricAuthManager.swift; sourceTree = "<group>"; };
		DBE022AD51946B21D67526F8 /* SyncPreference.swift */ = {isa = PBXFileReference; includeInIndex = 1; lastKnownFileType = sourcecode.swift; path = SyncPreference.swift; sourceTree = "<group>"; };
		E5F60718293A4B5C6D7E8F90 /* PairingView.swift */ = {isa = PBXFileReference; lastKnownFileType = sourcecode.swift; path = PairingView.swift; sourceTree = "<group>"; };
		E9B0F9F5608AEF29BF6D1379 /* ManualEntryView.swift */ = {isa = PBXFileReference; lastKnownFileType = sourcecode.swift; path = ManualEntryView.swift; sourceTree = "<group>"; };
		F261A828F30652E01C0E9158 /* KeyAuth.entitlements */ = {isa = PBXFileReference; lastKnownFileType = text.plist.entitlements; path = KeyAuth.entitlements; sourceTree = "<group>"; };
		F275264BB696FBD4F3AE1F3E /* KeyAuth.app */ = {isa = PBXFileReference; explicitFileType = wrapper.application; includeInIndex = 0; path = KeyAuth.app; sourceTree = BUILT_PRODUCTS_DIR; };
		F3E6E0A119F9F10DD6ACEFF8 /* KeyAuthTests.swift */ = {isa = PBXFileReference; includeInIndex = 1; lastKnownFileType = sourcecode.swift; path = KeyAuthTests.swift; sourceTree = "<group>"; };
		F60718293A4B5C6D7E8F9001 /* PairingQRScannerView.swift */ = {isa = PBXFileReference; lastKnownFileType = sourcecode.swift; path = PairingQRScannerView.swift; sourceTree = "<group>"; };
		F6A4BC3FC29DD88F3A3F4603 /* AccountRowView.swift */ = {isa = PBXFileReference; lastKnownFileType = sourcecode.swift; path = AccountRowView.swift; sourceTree = "<group>"; };
		FBDB95C539BA582A5BA3C248 /* Base32.swift */ = {isa = PBXFileReference; lastKnownFileType = sourcecode.swift; path = Base32.swift; sourceTree = "<group>"; };
		FD66B74369598846CBD85FE9 /* LockScreenView.swift */ = {isa = PBXFileReference; lastKnownFileType = sourcecode.swift; path = LockScreenView.swift; sourceTree = "<group>"; };
/* End PBXFileReference section */

/* Begin PBXFrameworksBuildPhase section */
		461E2888993FFA8C30DD1B9C /* Frameworks */ = {
			isa = PBXFrameworksBuildPhase;
			buildActionMask = 2147483647;
			files = (
				F5B0DD36B290D188D1F35A53 /* Foundation.framework in Frameworks */,
			);
			runOnlyForDeploymentPostprocessing = 0;
		};
/* End PBXFrameworksBuildPhase section */

/* Begin PBXGroup section */
		02DD99BD1559847317105DBE /* Mocks */ = {
			isa = PBXGroup;
			children = (
				21BF8AD08CE52AB890A8681B /* MockKeychain.swift */,
			);
			name = Mocks;
			path = Mocks;
			sourceTree = "<group>";
		};
		25B3032FB0B5EA3576383B92 = {
			isa = PBXGroup;
			children = (
				98FA41AB8E326ACA2BE4857B /* App */,
				CA7D4A26F0D5904BAB4D1150 /* KeyboardExtension */,
				2C1E04F976ABCC2AF0E06142 /* Shared */,
				DD466FE661F9A5B6C0240C43 /* Products */,
				405D9D2ABBA44DDBCF244C58 /* KeyAuthTests */,
				AE9C83D0EF4288C702E96599 /* Frameworks */,
			);
			sourceTree = "<group>";
		};
		2C1E04F976ABCC2AF0E06142 /* Shared */ = {
			isa = PBXGroup;
			children = (
				53ED4B44041710EEC7EE82C7 /* Account.swift */,
				96A617D6A6675B66C43394F4 /* AccountStore.swift */,
				FBDB95C539BA582A5BA3C248 /* Base32.swift */,
				D77D894396423F137C83BE1B /* BiometricAuthManager.swift */,
				A1B2C3D4E5F60718293A4B5C /* CryptoBoxManager.swift */,
				C2F607D627AF74A81912E77B /* KeychainManager.swift */,
				B2C3D4E5F60718293A4B5C6D /* PairingStore.swift */,
				C3D4E5F60718293A4B5C6D7E /* RelayClient.swift */,
				0B936E7530F6ED79DACBA353 /* SharedDefaults.swift */,
				9FB90502401FD358C36BAA33 /* TOTPGenerator.swift */,
				AB0067AC09E052201723A167 /* KeychainProviding.swift */,
				DBE022AD51946B21D67526F8 /* SyncPreference.swift */,
				AFE7D51430B679250C2B0E8C /* DedupKey.swift */,
			);
			path = Shared;
			sourceTree = "<group>";
		};
		3C8A1FCEC7A81E2D24A80E79 /* Fixtures */ = {
			isa = PBXGroup;
			children = (
				5C8051142210AE88F41293B4 /* AccountFixtures.swift */,
			);
			name = Fixtures;
			path = Fixtures;
			sourceTree = "<group>";
		};
		405D9D2ABBA44DDBCF244C58 /* KeyAuthTests */ = {
			isa = PBXGroup;
			children = (
				1EEDE7031D24FC0865882CD7 /* Info.plist */,
				F3E6E0A119F9F10DD6ACEFF8 /* KeyAuthTests.swift */,
				02DD99BD1559847317105DBE /* Mocks */,
				3C8A1FCEC7A81E2D24A80E79 /* Fixtures */,
			);
			name = KeyAuthTests;
			path = KeyAuthTests;
			sourceTree = "<group>";
		};
		4A80CC9838185D19D54384C7 /* iOS */ = {
			isa = PBXGroup;
			children = (
				3E7857BFF38538BDFBD953CB /* Foundation.framework */,
			);
			name = iOS;
			sourceTree = "<group>";
		};
		4D66AD27B6FB506960EC6F83 /* Views */ = {
			isa = PBXGroup;
			children = (
				F6A4BC3FC29DD88F3A3F4603 /* AccountRowView.swift */,
				7CFE1B0C62EDF21CB35A71B9 /* ContentView.swift */,
				FD66B74369598846CBD85FE9 /* LockScreenView.swift */,
				E9B0F9F5608AEF29BF6D1379 /* ManualEntryView.swift */,
				A363B81015F05C5B3C0DC5A7 /* QRScannerView.swift */,
				A718293A4B5C6D7E8F900112 /* PairedDeviceView.swift */,
				E5F60718293A4B5C6D7E8F90 /* PairingView.swift */,
				F60718293A4B5C6D7E8F9001 /* PairingQRScannerView.swift */,
				B8293A4B5C6D7E8F90011234 /* CodeApprovalView.swift */,
			);
			path = Views;
			sourceTree = "<group>";
		};
		98FA41AB8E326ACA2BE4857B /* App */ = {
			isa = PBXGroup;
			children = (
				D4E5F60718293A4B5C6D7E8F /* AppDelegate.swift */,
				257BEB070E267733198F5ECB /* Info.plist */,
				F261A828F30652E01C0E9158 /* KeyAuth.entitlements */,
				C3B10022A6CA17C6EA7903ED /* KeyAuthApp.swift */,
				4D66AD27B6FB506960EC6F83 /* Views */,
			);
			path = App;
			sourceTree = "<group>";
		};
		AE9C83D0EF4288C702E96599 /* Frameworks */ = {
			isa = PBXGroup;
			children = (
				4A80CC9838185D19D54384C7 /* iOS */,
			);
			name = Frameworks;
			sourceTree = "<group>";
		};
		CA7D4A26F0D5904BAB4D1150 /* KeyboardExtension */ = {
			isa = PBXGroup;
			children = (
				BF6A6B00B9DA3EE988C03876 /* Info.plist */,
				C50EFF20EB1E88A94EE865FB /* KeyAuthKeyboard.entitlements */,
				66FD2A0722CD350CFC3C3977 /* KeyboardViewController.swift */,
				CD58D52B0B77FD05FA679468 /* TOTPCodeCell.swift */,
			);
			path = KeyboardExtension;
			sourceTree = "<group>";
		};
		DD466FE661F9A5B6C0240C43 /* Products */ = {
			isa = PBXGroup;
			children = (
				F275264BB696FBD4F3AE1F3E /* KeyAuth.app */,
				5C819D47267678FE6AAF9834 /* KeyAuthKeyboard.appex */,
				CE19BE23449F4C4E145E3DDE /* KeyAuthTests.xctest */,
			);
			name = Products;
			sourceTree = "<group>";
		};
/* End PBXGroup section */

/* Begin PBXNativeTarget section */
		048D7EB74B14F4A02C6D1482 /* KeyAuthKeyboard */ = {
			isa = PBXNativeTarget;
			buildConfigurationList = 1F0D82511E413AB1D4B1A169 /* Build configuration list for PBXNativeTarget "KeyAuthKeyboard" */;
			buildPhases = (
				8EAEA92F87BDAB2F34B0312E /* Sources */,
			);
			buildRules = (
			);
			dependencies = (
			);
			name = KeyAuthKeyboard;
			productName = KeyAuthKeyboard;
			productReference = 5C819D47267678FE6AAF9834 /* KeyAuthKeyboard.appex */;
			productType = "com.apple.product-type.app-extension";
		};
		81963171A87C4E3E2B5E48B4 /* KeyAuth */ = {
			isa = PBXNativeTarget;
			buildConfigurationList = 8F7500A24A4C694D5D99F5AB /* Build configuration list for PBXNativeTarget "KeyAuth" */;
			buildPhases = (
				FD172B49298DD9FC691EA8DE /* Sources */,
				28734FD5E527CEE1E0DB0A44 /* Embed Foundation Extensions */,
			);
			buildRules = (
			);
			dependencies = (
				72F97163FC94662E0608F999 /* PBXTargetDependency */,
			);
			name = KeyAuth;
			productName = KeyAuth;
			productReference = F275264BB696FBD4F3AE1F3E /* KeyAuth.app */;
			productType = "com.apple.product-type.application";
		};
		C2EB6995DED535682DCAEA67 /* KeyAuthTests */ = {
			isa = PBXNativeTarget;
			buildConfigurationList = B62DC844D517D5A477E10E27 /* Build configuration list for PBXNativeTarget "KeyAuthTests" */;
			buildPhases = (
				D602CA9AA1933FA22594EF89 /* Sources */,
				461E2888993FFA8C30DD1B9C /* Frameworks */,
				E30DA0D537F337BEBE46E3AC /* Resources */,
			);
			buildRules = (
			);
			dependencies = (
				3757F35A5FF9529A6BE6F70A /* PBXTargetDependency */,
			);
			name = KeyAuthTests;
			productName = KeyAuthTests;
			productReference = CE19BE23449F4C4E145E3DDE /* KeyAuthTests.xctest */;
			productType = "com.apple.product-type.bundle.unit-test";
		};
/* End PBXNativeTarget section */

/* Begin PBXProject section */
		E712C809ACA7252446AAB40E /* Project object */ = {
			isa = PBXProject;
			attributes = {
				BuildIndependentTargetsInParallel = YES;
				LastUpgradeCheck = 2640;
				TargetAttributes = {
					048D7EB74B14F4A02C6D1482 = {
						DevelopmentTeam = W646UCTVQV;
					};
					81963171A87C4E3E2B5E48B4 = {
						DevelopmentTeam = W646UCTVQV;
					};
				};
			};
			buildConfigurationList = AC972B3E808E9B24D3CD9DF1 /* Build configuration list for PBXProject "KeyAuth" */;
			developmentRegion = en;
			hasScannedForEncodings = 0;
			knownRegions = (
				Base,
				en,
			);
			mainGroup = 25B3032FB0B5EA3576383B92;
			minimizedProjectReferenceProxies = 1;
			preferredProjectObjectVersion = 77;
			productRefGroup = DD466FE661F9A5B6C0240C43 /* Products */;
			projectDirPath = "";
			projectRoot = "";
			targets = (
				81963171A87C4E3E2B5E48B4 /* KeyAuth */,
				048D7EB74B14F4A02C6D1482 /* KeyAuthKeyboard */,
				C2EB6995DED535682DCAEA67 /* KeyAuthTests */,
			);
		};
/* End PBXProject section */

/* Begin PBXResourcesBuildPhase section */
		E30DA0D537F337BEBE46E3AC /* Resources */ = {
			isa = PBXResourcesBuildPhase;
			buildActionMask = 2147483647;
			files = (
			);
			runOnlyForDeploymentPostprocessing = 0;
		};
/* End PBXResourcesBuildPhase section */

/* Begin PBXSourcesBuildPhase section */
		8EAEA92F87BDAB2F34B0312E /* Sources */ = {
			isa = PBXSourcesBuildPhase;
			buildActionMask = 2147483647;
			files = (
				D7C2C2457F00C2A913C3CDD8 /* Account.swift in Sources */,
				2DF26270B453948910DB4BBA /* AccountStore.swift in Sources */,
				C4F35339D9DB98FF52818CD4 /* Base32.swift in Sources */,
				DC263CDF241B877ED7E67208 /* BiometricAuthManager.swift in Sources */,
				02A1B3C4D5E6F7A8B9C0D1E3 /* CryptoBoxManager.swift in Sources */,
				90126D11E1B5F3FE14878A63 /* KeyboardViewController.swift in Sources */,
				36BAC07D5DCB4254476B546B /* KeychainManager.swift in Sources */,
				03B2C4D5E6F7A8B9C0D1E2F4 /* PairingStore.swift in Sources */,
				04C3D5E6F7A8B9C0D1E2F3A5 /* RelayClient.swift in Sources */,
				397D030A94C9EE738A01D917 /* SharedDefaults.swift in Sources */,
				D721933D74AAA1C5D5ED1A8C /* TOTPCodeCell.swift in Sources */,
				39235F8317E8D416D9E56670 /* TOTPGenerator.swift in Sources */,
				1125BC4B99F63A77FCEC9E9F /* KeychainProviding.swift in Sources */,
				1DD2443D7ED78FDBB9052247 /* SyncPreference.swift in Sources */,
			);
			runOnlyForDeploymentPostprocessing = 0;
		};
		D602CA9AA1933FA22594EF89 /* Sources */ = {
			isa = PBXSourcesBuildPhase;
			buildActionMask = 2147483647;
			files = (
				31653C12560562042FF28D1D /* KeyAuthTests.swift in Sources */,
				1C81C526D208F5CD89FF8C41 /* MockKeychain.swift in Sources */,
				45C549C784C3C53F8FBFDD18 /* AccountFixtures.swift in Sources */,
			);
			runOnlyForDeploymentPostprocessing = 0;
		};
		FD172B49298DD9FC691EA8DE /* Sources */ = {
			isa = PBXSourcesBuildPhase;
			buildActionMask = 2147483647;
			files = (
				134541E376DBA37C916368BC /* Account.swift in Sources */,
				4844D244BD9520D76C35F9E4 /* AccountRowView.swift in Sources */,
				7C45AA2094BB85C02DE7E25C /* AccountStore.swift in Sources */,
				EA50FC6FE863B6FC2771CA3A /* Base32.swift in Sources */,
				8F508CB2D15D9E973EDA238C /* BiometricAuthManager.swift in Sources */,
				A6E4292AEC1EB61B57497759 /* ContentView.swift in Sources */,
				02A1B3C4D5E6F7A8B9C0D1E2 /* CryptoBoxManager.swift in Sources */,
				09DE7701F174F6FCB2FEDC68 /* KeyAuthApp.swift in Sources */,
				DAB02D5464CB2FFC0179B960 /* KeychainManager.swift in Sources */,
				C7D6D1BDA6FE2E926F40DF77 /* LockScreenView.swift in Sources */,
				BE3AD9668FA809B8DFB41302 /* ManualEntryView.swift in Sources */,
				03B2C4D5E6F7A8B9C0D1E2F3 /* PairingStore.swift in Sources */,
				303CC5F2ED328FAA1D84AF91 /* QRScannerView.swift in Sources */,
				04C3D5E6F7A8B9C0D1E2F3A4 /* RelayClient.swift in Sources */,
				E3A35868FCE3BB9A54CB5C51 /* SharedDefaults.swift in Sources */,
				140FCBAC17D3AB6F9E090BD1 /* TOTPGenerator.swift in Sources */,
				05D4E5F6A7B8C9D0E1F2A3B4 /* AppDelegate.swift in Sources */,
				06E5F607A8B9C0D1E2F3A4B5 /* PairingView.swift in Sources */,
				07F60718A9B0C1D2E3F4A5B6 /* PairingQRScannerView.swift in Sources */,
				08A71829AAB1C2D3E4F5A6B7 /* PairedDeviceView.swift in Sources */,
				09B8293ABBC2D3E4F5A6B7C8 /* CodeApprovalView.swift in Sources */,
				B7FEAA83061573BF32207988 /* KeychainProviding.swift in Sources */,
				4C990E25D567C010E13C3F54 /* SyncPreference.swift in Sources */,
				4932A600C06FB65F03EC0932 /* DedupKey.swift in Sources */,
			);
			runOnlyForDeploymentPostprocessing = 0;
		};
/* End PBXSourcesBuildPhase section */

/* Begin PBXTargetDependency section */
		3757F35A5FF9529A6BE6F70A /* PBXTargetDependency */ = {
			isa = PBXTargetDependency;
			name = KeyAuth;
			target = 81963171A87C4E3E2B5E48B4 /* KeyAuth */;
			targetProxy = A7448E601B13E0FB91156C64 /* PBXContainerItemProxy */;
		};
		72F97163FC94662E0608F999 /* PBXTargetDependency */ = {
			isa = PBXTargetDependency;
			target = 048D7EB74B14F4A02C6D1482 /* KeyAuthKeyboard */;
			targetProxy = B3639613976AB1C4F73DDA2D /* PBXContainerItemProxy */;
		};
/* End PBXTargetDependency section */

/* Begin XCBuildConfiguration section */
		3D427117C1BBC31AB0CFEA59 /* Release */ = {
			isa = XCBuildConfiguration;
			buildSettings = {
				CODE_SIGN_ENTITLEMENTS = KeyboardExtension/KeyAuthKeyboard.entitlements;
				INFOPLIST_FILE = KeyboardExtension/Info.plist;
				LD_RUNPATH_SEARCH_PATHS = (
					"$(inherited)",
					"@executable_path/Frameworks",
					"@executable_path/../../Frameworks",
				);
				PRODUCT_BUNDLE_IDENTIFIER = com.keyauth.app.keyboard;
				SDKROOT = iphoneos;
				SKIP_INSTALL = YES;
				TARGETED_DEVICE_FAMILY = "1,2";
			};
			name = Release;
		};
		3EB83AA299EFF5DDFA74B1C5 /* Debug */ = {
			isa = XCBuildConfiguration;
			buildSettings = {
				ASSETCATALOG_COMPILER_APPICON_NAME = AppIcon;
				CODE_SIGN_ENTITLEMENTS = App/KeyAuth.entitlements;
				CODE_SIGN_IDENTITY = "iPhone Developer";
				INFOPLIST_FILE = App/Info.plist;
				LD_RUNPATH_SEARCH_PATHS = (
					"$(inherited)",
					"@executable_path/Frameworks",
				);
				PRODUCT_BUNDLE_IDENTIFIER = com.keyauth.app;
				SDKROOT = iphoneos;
				TARGETED_DEVICE_FAMILY = 1;
			};
			name = Debug;
		};
		3EE83BA9189BD6E0E32FFA64 /* Debug */ = {
			isa = XCBuildConfiguration;
			buildSettings = {
				ALWAYS_SEARCH_USER_PATHS = NO;
				CLANG_ANALYZER_NONNULL = YES;
				CLANG_ANALYZER_NUMBER_OBJECT_CONVERSION = YES_AGGRESSIVE;
				CLANG_CXX_LANGUAGE_STANDARD = "gnu++14";
				CLANG_CXX_LIBRARY = "libc++";
				CLANG_ENABLE_MODULES = YES;
				CLANG_ENABLE_OBJC_ARC = YES;
				CLANG_ENABLE_OBJC_WEAK = YES;
				CLANG_WARN_BLOCK_CAPTURE_AUTORELEASING = YES;
				CLANG_WARN_BOOL_CONVERSION = YES;
				CLANG_WARN_COMMA = YES;
				CLANG_WARN_CONSTANT_CONVERSION = YES;
				CLANG_WARN_DEPRECATED_OBJC_IMPLEMENTATIONS = YES;
				CLANG_WARN_DIRECT_OBJC_ISA_USAGE = YES_ERROR;
				CLANG_WARN_DOCUMENTATION_COMMENTS = YES;
				CLANG_WARN_EMPTY_BODY = YES;
				CLANG_WARN_ENUM_CONVERSION = YES;
				CLANG_WARN_INFINITE_RECURSION = YES;
				CLANG_WARN_INT_CONVERSION = YES;
				CLANG_WARN_NON_LITERAL_NULL_CONVERSION = YES;
				CLANG_WARN_OBJC_IMPLICIT_RETAIN_SELF = YES;
				CLANG_WARN_OBJC_LITERAL_CONVERSION = YES;
				CLANG_WARN_OBJC_ROOT_CLASS = YES_ERROR;
				CLANG_WARN_QUOTED_INCLUDE_IN_FRAMEWORK_HEADER = YES;
				CLANG_WARN_RANGE_LOOP_ANALYSIS = YES;
				CLANG_WARN_STRICT_PROTOTYPES = YES;
				CLANG_WARN_SUSPICIOUS_MOVE = YES;
				CLANG_WARN_UNGUARDED_AVAILABILITY = YES_AGGRESSIVE;
				CLANG_WARN_UNREACHABLE_CODE = YES;
				CLANG_WARN__DUPLICATE_METHOD_MATCH = YES;
				COPY_PHASE_STRIP = NO;
				DEBUG_INFORMATION_FORMAT = dwarf;
				DEVELOPMENT_TEAM = W646UCTVQV;
				ENABLE_STRICT_OBJC_MSGSEND = YES;
				ENABLE_TESTABILITY = YES;
				ENABLE_USER_SCRIPT_SANDBOXING = YES;
				GCC_C_LANGUAGE_STANDARD = gnu11;
				GCC_DYNAMIC_NO_PIC = NO;
				GCC_NO_COMMON_BLOCKS = YES;
				GCC_OPTIMIZATION_LEVEL = 0;
				GCC_PREPROCESSOR_DEFINITIONS = (
					"$(inherited)",
					"DEBUG=1",
				);
				GCC_WARN_64_TO_32_BIT_CONVERSION = YES;
				GCC_WARN_ABOUT_RETURN_TYPE = YES_ERROR;
				GCC_WARN_UNDECLARED_SELECTOR = YES;
				GCC_WARN_UNINITIALIZED_AUTOS = YES_AGGRESSIVE;
				GCC_WARN_UNUSED_FUNCTION = YES;
				GCC_WARN_UNUSED_VARIABLE = YES;
				IPHONEOS_DEPLOYMENT_TARGET = 16.0;
				MTL_ENABLE_DEBUG_INFO = INCLUDE_SOURCE;
				MTL_FAST_MATH = YES;
				ONLY_ACTIVE_ARCH = YES;
				PRODUCT_NAME = "$(TARGET_NAME)";
				SDKROOT = iphoneos;
				STRING_CATALOG_GENERATE_SYMBOLS = YES;
				SWIFT_ACTIVE_COMPILATION_CONDITIONS = DEBUG;
				SWIFT_OPTIMIZATION_LEVEL = "-Onone";
				SWIFT_VERSION = 5.9;
			};
			name = Debug;
		};
		568B9BA1A87CFB3F517AA814 /* Release */ = {
			isa = XCBuildConfiguration;
			buildSettings = {
				ASSETCATALOG_COMPILER_APPICON_NAME = AppIcon;
				CODE_SIGN_ENTITLEMENTS = App/KeyAuth.entitlements;
				CODE_SIGN_IDENTITY = "iPhone Developer";
				INFOPLIST_FILE = App/Info.plist;
				LD_RUNPATH_SEARCH_PATHS = (
					"$(inherited)",
					"@executable_path/Frameworks",
				);
				PRODUCT_BUNDLE_IDENTIFIER = com.keyauth.app;
				SDKROOT = iphoneos;
				TARGETED_DEVICE_FAMILY = 1;
			};
			name = Release;
		};
		748D3AA0FB69C3A5C3CD4DE8 /* Debug */ = {
			isa = XCBuildConfiguration;
			buildSettings = {
				BUNDLE_LOADER = "$(TEST_HOST)";
				CLANG_ENABLE_OBJC_WEAK = NO;
				CODE_SIGN_STYLE = Automatic;
				DEVELOPMENT_TEAM = W646UCTVQV;
				GENERATE_INFOPLIST_FILE = NO;
				INFOPLIST_FILE = KeyAuthTests/Info.plist;
				IPHONEOS_DEPLOYMENT_TARGET = 16.0;
				LD_RUNPATH_SEARCH_PATHS = (
					"$(inherited)",
					"@executable_path/Frameworks",
					"@loader_path/Frameworks",
				);
				PRODUCT_BUNDLE_IDENTIFIER = com.keyauth.KeyAuthTests;
				PRODUCT_NAME = "$(TARGET_NAME)";
				SDKROOT = iphoneos;
				SWIFT_VERSION = 5.0;
				TARGETED_DEVICE_FAMILY = "1,2";
				TEST_HOST = "$(BUILT_PRODUCTS_DIR)/KeyAuth.app/$(BUNDLE_EXECUTABLE_FOLDER_PATH)/KeyAuth";
			};
			name = Debug;
		};
		778C413317EB099526835C6A /* Release */ = {
			isa = XCBuildConfiguration;
			buildSettings = {
				BUNDLE_LOADER = "$(TEST_HOST)";
				CLANG_ENABLE_OBJC_WEAK = NO;
				CODE_SIGN_STYLE = Automatic;
				DEVELOPMENT_TEAM = W646UCTVQV;
				GENERATE_INFOPLIST_FILE = NO;
				INFOPLIST_FILE = KeyAuthTests/Info.plist;
				IPHONEOS_DEPLOYMENT_TARGET = 16.0;
				LD_RUNPATH_SEARCH_PATHS = (
					"$(inherited)",
					"@executable_path/Frameworks",
					"@loader_path/Frameworks",
				);
				PRODUCT_BUNDLE_IDENTIFIER = com.keyauth.KeyAuthTests;
				PRODUCT_NAME = "$(TARGET_NAME)";
				SDKROOT = iphoneos;
				SWIFT_VERSION = 5.0;
				TARGETED_DEVICE_FAMILY = "1,2";
				TEST_HOST = "$(BUILT_PRODUCTS_DIR)/KeyAuth.app/$(BUNDLE_EXECUTABLE_FOLDER_PATH)/KeyAuth";
				VALIDATE_PRODUCT = YES;
			};
			name = Release;
		};
		A5BC38F892D35F662988AE47 /* Release */ = {
			isa = XCBuildConfiguration;
			buildSettings = {
				ALWAYS_SEARCH_USER_PATHS = NO;
				CLANG_ANALYZER_NONNULL = YES;
				CLANG_ANALYZER_NUMBER_OBJECT_CONVERSION = YES_AGGRESSIVE;
				CLANG_CXX_LANGUAGE_STANDARD = "gnu++14";
				CLANG_CXX_LIBRARY = "libc++";
				CLANG_ENABLE_MODULES = YES;
				CLANG_ENABLE_OBJC_ARC = YES;
				CLANG_ENABLE_OBJC_WEAK = YES;
				CLANG_WARN_BLOCK_CAPTURE_AUTORELEASING = YES;
				CLANG_WARN_BOOL_CONVERSION = YES;
				CLANG_WARN_COMMA = YES;
				CLANG_WARN_CONSTANT_CONVERSION = YES;
				CLANG_WARN_DEPRECATED_OBJC_IMPLEMENTATIONS = YES;
				CLANG_WARN_DIRECT_OBJC_ISA_USAGE = YES_ERROR;
				CLANG_WARN_DOCUMENTATION_COMMENTS = YES;
				CLANG_WARN_EMPTY_BODY = YES;
				CLANG_WARN_ENUM_CONVERSION = YES;
				CLANG_WARN_INFINITE_RECURSION = YES;
				CLANG_WARN_INT_CONVERSION = YES;
				CLANG_WARN_NON_LITERAL_NULL_CONVERSION = YES;
				CLANG_WARN_OBJC_IMPLICIT_RETAIN_SELF = YES;
				CLANG_WARN_OBJC_LITERAL_CONVERSION = YES;
				CLANG_WARN_OBJC_ROOT_CLASS = YES_ERROR;
				CLANG_WARN_QUOTED_INCLUDE_IN_FRAMEWORK_HEADER = YES;
				CLANG_WARN_RANGE_LOOP_ANALYSIS = YES;
				CLANG_WARN_STRICT_PROTOTYPES = YES;
				CLANG_WARN_SUSPICIOUS_MOVE = YES;
				CLANG_WARN_UNGUARDED_AVAILABILITY = YES_AGGRESSIVE;
				CLANG_WARN_UNREACHABLE_CODE = YES;
				CLANG_WARN__DUPLICATE_METHOD_MATCH = YES;
				COPY_PHASE_STRIP = NO;
				DEBUG_INFORMATION_FORMAT = "dwarf-with-dsym";
				DEVELOPMENT_TEAM = W646UCTVQV;
				ENABLE_NS_ASSERTIONS = NO;
				ENABLE_STRICT_OBJC_MSGSEND = YES;
				ENABLE_USER_SCRIPT_SANDBOXING = YES;
				GCC_C_LANGUAGE_STANDARD = gnu11;
				GCC_NO_COMMON_BLOCKS = YES;
				GCC_WARN_64_TO_32_BIT_CONVERSION = YES;
				GCC_WARN_ABOUT_RETURN_TYPE = YES_ERROR;
				GCC_WARN_UNDECLARED_SELECTOR = YES;
				GCC_WARN_UNINITIALIZED_AUTOS = YES_AGGRESSIVE;
				GCC_WARN_UNUSED_FUNCTION = YES;
				GCC_WARN_UNUSED_VARIABLE = YES;
				IPHONEOS_DEPLOYMENT_TARGET = 16.0;
				MTL_ENABLE_DEBUG_INFO = NO;
				MTL_FAST_MATH = YES;
				PRODUCT_NAME = "$(TARGET_NAME)";
				SDKROOT = iphoneos;
				STRING_CATALOG_GENERATE_SYMBOLS = YES;
				SWIFT_COMPILATION_MODE = wholemodule;
				SWIFT_OPTIMIZATION_LEVEL = "-O";
				SWIFT_VERSION = 5.9;
			};
			name = Release;
		};
		B5E0B57BE15268736142340A /* Debug */ = {
			isa = XCBuildConfiguration;
			buildSettings = {
				CODE_SIGN_ENTITLEMENTS = KeyboardExtension/KeyAuthKeyboard.entitlements;
				INFOPLIST_FILE = KeyboardExtension/Info.plist;
				LD_RUNPATH_SEARCH_PATHS = (
					"$(inherited)",
					"@executable_path/Frameworks",
					"@executable_path/../../Frameworks",
				);
				PRODUCT_BUNDLE_IDENTIFIER = com.keyauth.app.keyboard;
				SDKROOT = iphoneos;
				SKIP_INSTALL = YES;
				TARGETED_DEVICE_FAMILY = "1,2";
			};
			name = Debug;
		};
/* End XCBuildConfiguration section */

/* Begin XCConfigurationList section */
		1F0D82511E413AB1D4B1A169 /* Build configuration list for PBXNativeTarget "KeyAuthKeyboard" */ = {
			isa = XCConfigurationList;
			buildConfigurations = (
				B5E0B57BE15268736142340A /* Debug */,
				3D427117C1BBC31AB0CFEA59 /* Release */,
			);
			defaultConfigurationIsVisible = 0;
			defaultConfigurationName = Debug;
		};
		8F7500A24A4C694D5D99F5AB /* Build configuration list for PBXNativeTarget "KeyAuth" */ = {
			isa = XCConfigurationList;
			buildConfigurations = (
				3EB83AA299EFF5DDFA74B1C5 /* Debug */,
				568B9BA1A87CFB3F517AA814 /* Release */,
			);
			defaultConfigurationIsVisible = 0;
			defaultConfigurationName = Debug;
		};
		AC972B3E808E9B24D3CD9DF1 /* Build configuration list for PBXProject "KeyAuth" */ = {
			isa = XCConfigurationList;
			buildConfigurations = (
				3EE83BA9189BD6E0E32FFA64 /* Debug */,
				A5BC38F892D35F662988AE47 /* Release */,
			);
			defaultConfigurationIsVisible = 0;
			defaultConfigurationName = Debug;
		};
		B62DC844D517D5A477E10E27 /* Build configuration list for PBXNativeTarget "KeyAuthTests" */ = {
			isa = XCConfigurationList;
			buildConfigurations = (
				778C413317EB099526835C6A /* Release */,
				748D3AA0FB69C3A5C3CD4DE8 /* Debug */,
			);
			defaultConfigurationIsVisible = 0;
			defaultConfigurationName = Release;
		};
/* End XCConfigurationList section */
	};
	rootObject = E712C809ACA7252446AAB40E /* Project object */;
}
